
Microsoft Visual Studio Solution File, Format Version 12.00
# Visual Studio 15
VisualStudioVersion = 15.0.27703.2035
MinimumVisualStudioVersion = 10.0.40219.1
Project("{159641D6-6404-4A2A-AE62-294DE0FE8301}") = "Create variable and assign value", "Create variable and assign value\Create variable and assign value.dtproj", "{96FE7F18-A131-415F-AC71-43C746DA3DE2}"
EndProject
Global
	GlobalSection(SolutionConfigurationPlatforms) = preSolution
		Development|Default = Development|Default
	EndGlobalSection
	GlobalSection(ProjectConfigurationPlatforms) = postSolution
		{96FE7F18-A131-415F-AC71-43C746DA3DE2}.Development|Default.ActiveCfg = Development
		{96FE7F18-A131-415F-AC71-43C746DA3DE2}.Development|Default.Build.0 = Development
	EndGlobalSection
	GlobalSection(SolutionProperties) = preSolution
		HideSolutionNode = FALSE
	EndGlobalSection
	GlobalSection(ExtensibilityGlobals) = postSolution
		SolutionGuid = {49CED312-9415-4C50-82D0-AA209808E4C0}
	EndGlobalSection
EndGlobal
